
Microsoft Visual Studio Solution File, Format Version 12.00
# Visual Studio 15
VisualStudioVersion = 15.0.27703.2042
MinimumVisualStudioVersion = 10.0.40219.1
Project("{9A19103F-16F7-4668-BE54-9A1E7A4F7556}") = "Plutus.Banktransaction.Data.FileSystem.CS", "Plutus.Banktransaction.Data.FileSystem.CS\Plutus.Banktransaction.Data.FileSystem.CS.csproj", "{2CBC0EE1-D37C-44E5-9C39-7E8385F96067}"
EndProject
Project("{9A19103F-16F7-4668-BE54-9A1E7A4F7556}") = "Plutus.Banktransaction.Service.API", "Plutus.Banktransaction.Service.API\Plutus.Banktransaction.Service.API.csproj", "{2C4E4B0D-682C-4314-BAAF-B940B375D46C}"
EndProject
Project("{9A19103F-16F7-4668-BE54-9A1E7A4F7556}") = "Plutus.Banktransaction.Tests.CS", "Plutus.Banktransaction.Tests.CS\Plutus.Banktransaction.Tests.CS.csproj", "{4A530194-E1FD-489E-82A9-32D3E4C59009}"
EndProject
Global
	GlobalSection(SolutionConfigurationPlatforms) = preSolution
		Debug|Any CPU = Debug|Any CPU
		Release|Any CPU = Release|Any CPU
	EndGlobalSection
	GlobalSection(ProjectConfigurationPlatforms) = postSolution
		{2CBC0EE1-D37C-44E5-9C39-7E8385F96067}.Debug|Any CPU.ActiveCfg = Debug|Any CPU
		{2CBC0EE1-D37C-44E5-9C39-7E8385F96067}.Debug|Any CPU.Build.0 = Debug|Any CPU
		{2CBC0EE1-D37C-44E5-9C39-7E8385F96067}.Release|Any CPU.ActiveCfg = Release|Any CPU
		{2CBC0EE1-D37C-44E5-9C39-7E8385F96067}.Release|Any CPU.Build.0 = Release|Any CPU
		{2C4E4B0D-682C-4314-BAAF-B940B375D46C}.Debug|Any CPU.ActiveCfg = Debug|Any CPU
		{2C4E4B0D-682C-4314-BAAF-B940B375D46C}.Debug|Any CPU.Build.0 = Debug|Any CPU
		{2C4E4B0D-682C-4314-BAAF-B940B375D46C}.Release|Any CPU.ActiveCfg = Release|Any CPU
		{2C4E4B0D-682C-4314-BAAF-B940B375D46C}.Release|Any CPU.Build.0 = Release|Any CPU
		{4A530194-E1FD-489E-82A9-32D3E4C59009}.Debug|Any CPU.ActiveCfg = Debug|Any CPU
		{4A530194-E1FD-489E-82A9-32D3E4C59009}.Debug|Any CPU.Build.0 = Debug|Any CPU
		{4A530194-E1FD-489E-82A9-32D3E4C59009}.Release|Any CPU.ActiveCfg = Release|Any CPU
		{4A530194-E1FD-489E-82A9-32D3E4C59009}.Release|Any CPU.Build.0 = Release|Any CPU
	EndGlobalSection
	GlobalSection(SolutionProperties) = preSolution
		HideSolutionNode = FALSE
	EndGlobalSection
	GlobalSection(ExtensibilityGlobals) = postSolution
		SolutionGuid = {A7D7EAFB-DC18-4702-8E74-12D6ABC8F1B8}
	EndGlobalSection
EndGlobal
