
Microsoft Visual Studio Solution File, Format Version 12.00
# Visual Studio 15
VisualStudioVersion = 15.0.27703.2042
MinimumVisualStudioVersion = 10.0.40219.1
Project("{2150E333-8FDC-42A3-9474-1A3956D46DE8}") = "Plutus.Banktransactions", "Plutus.Banktransactions", "{5E93397D-52D4-453F-B8B9-9D99E3EE6ACE}"
	ProjectSection(SolutionItems) = preProject
		Plutus.Banktransactions\DockerFile = Plutus.Banktransactions\DockerFile
		Plutus.Banktransactions\Plutus.Banktransactions.yml = Plutus.Banktransactions\Plutus.Banktransactions.yml
	EndProjectSection
EndProject
Project("{2150E333-8FDC-42A3-9474-1A3956D46DE8}") = "Plutus.SharedLibrary", "Plutus.SharedLibrary", "{AD0FE00F-C790-4BBC-BF19-5015EF735EDB}"
	ProjectSection(SolutionItems) = preProject
		Plutus.SharedLibrary\Plutus.SharedLibrary.yml = Plutus.SharedLibrary\Plutus.SharedLibrary.yml
	EndProjectSection
EndProject
Project("{9A19103F-16F7-4668-BE54-9A1E7A4F7556}") = "Plutus.SharedLibrary.CS", "Plutus.SharedLibrary\Plutus.SharedLibrary.CS\Plutus.SharedLibrary.CS.csproj", "{26E58960-00BE-4368-9E84-8EA438E52C37}"
EndProject
Project("{2150E333-8FDC-42A3-9474-1A3956D46DE8}") = "Plutus.Bankmetadata", "Plutus.Bankmetadata", "{7E172569-6045-4F5A-874F-AD3E9B061E24}"
	ProjectSection(SolutionItems) = preProject
		Plutus.Bankmetadata\DockerFile = Plutus.Bankmetadata\DockerFile
		Plutus.Bankmetadata\Plutus.Bankmetadata.yml = Plutus.Bankmetadata\Plutus.Bankmetadata.yml
	EndProjectSection
EndProject
Project("{9A19103F-16F7-4668-BE54-9A1E7A4F7556}") = "Plutus.Bankmetadata.Data.FileSystem.CS", "Plutus.Bankmetadata\Plutus.Bankmetadata.Data.FileSystem.CS\Plutus.Bankmetadata.Data.FileSystem.CS.csproj", "{DA81AFB5-0A4C-485D-B3B1-82ABDE388C4C}"
EndProject
Project("{9A19103F-16F7-4668-BE54-9A1E7A4F7556}") = "Plutus.Bankmetadata.Service.API", "Plutus.Bankmetadata\Plutus.Bankmetadata.Service.API\Plutus.Bankmetadata.Service.API.csproj", "{33E52409-A055-40F1-B2D3-207935A429DB}"
EndProject
Project("{9A19103F-16F7-4668-BE54-9A1E7A4F7556}") = "Plutus.Bankmetadata.Tests.CS", "Plutus.Bankmetadata\Plutus.Bankmetadata.Tests.CS\Plutus.Bankmetadata.Tests.CS.csproj", "{AAAEE8DE-5A72-437B-A5E3-5F4F038F7004}"
EndProject
Project("{2150E333-8FDC-42A3-9474-1A3956D46DE8}") = "Plutus.Expenses", "Plutus.Expenses", "{64CB6046-180C-492C-B398-ECD582AC007E}"
	ProjectSection(SolutionItems) = preProject
		Plutus.Expenses\DockerFile = Plutus.Expenses\DockerFile
		Plutus.Expenses\Plutus.Expenses.yml = Plutus.Expenses\Plutus.Expenses.yml
	EndProjectSection
EndProject
Project("{2150E333-8FDC-42A3-9474-1A3956D46DE8}") = "Plutus.Invoices", "Plutus.Invoices", "{DF2573A5-DF8F-4D65-872A-2BF231EE1CA6}"
	ProjectSection(SolutionItems) = preProject
		Plutus.Invoices\DockerFile = Plutus.Invoices\DockerFile
		Plutus.Invoices\Plutus.Invoices.yml = Plutus.Invoices\Plutus.Invoices.yml
	EndProjectSection
EndProject
Project("{9A19103F-16F7-4668-BE54-9A1E7A4F7556}") = "Plutus.Banktransactions.Data.FileSystem.CS", "Plutus.Banktransactions\Plutus.Banktransactions.Data.FileSystem.CS\Plutus.Banktransactions.Data.FileSystem.CS.csproj", "{19DB0818-572B-42F6-B550-BDEF382CD994}"
EndProject
Project("{9A19103F-16F7-4668-BE54-9A1E7A4F7556}") = "Plutus.Banktransactions.Service.API", "Plutus.Banktransactions\Plutus.Banktransactions.Service.API\Plutus.Banktransactions.Service.API.csproj", "{77DE4A2D-E459-42AD-9134-E04085626344}"
EndProject
Project("{9A19103F-16F7-4668-BE54-9A1E7A4F7556}") = "Plutus.Banktransactions.Tests.CS", "Plutus.Banktransactions\Plutus.Banktransactions.Tests.CS\Plutus.Banktransactions.Tests.CS.csproj", "{26F34CA2-C20F-49A5-B549-6CCC99FBD522}"
EndProject
Project("{9A19103F-16F7-4668-BE54-9A1E7A4F7556}") = "Plutus.Expenses.Data.FileSystem.CS", "Plutus.Expenses\Plutus.Expenses.Data.FileSystem.CS\Plutus.Expenses.Data.FileSystem.CS.csproj", "{29B7742D-D8CA-47E8-A015-4ECFD2552923}"
EndProject
Project("{9A19103F-16F7-4668-BE54-9A1E7A4F7556}") = "Plutus.Expenses.Service.API", "Plutus.Expenses\Plutus.Expenses.Service.API\Plutus.Expenses.Service.API.csproj", "{91306BF1-E01E-4119-B8B2-51B56641CC47}"
EndProject
Project("{9A19103F-16F7-4668-BE54-9A1E7A4F7556}") = "Plutus.Expenses.Tests.CS", "Plutus.Expenses\Plutus.Expenses.Tests.CS\Plutus.Expenses.Tests.CS.csproj", "{DB0450A2-B151-4711-95CC-0D1D344CF578}"
EndProject
Project("{9A19103F-16F7-4668-BE54-9A1E7A4F7556}") = "Plutus.Invoices.Data.FileSystem.CS", "Plutus.Invoices\Plutus.Invoices.Data.FileSystem.CS\Plutus.Invoices.Data.FileSystem.CS.csproj", "{8EE91624-D4C6-4BF8-AC4A-83D28205A878}"
EndProject
Project("{9A19103F-16F7-4668-BE54-9A1E7A4F7556}") = "Plutus.Invoices.Service.API", "Plutus.Invoices\Plutus.Invoices.Service.API\Plutus.Invoices.Service.API.csproj", "{6B334225-2770-4F37-95B3-63DBD0F9DFC0}"
EndProject
Project("{9A19103F-16F7-4668-BE54-9A1E7A4F7556}") = "Plutus.Invoices.Tests.CS", "Plutus.Invoices\Plutus.Invoices.Tests.CS\Plutus.Invoices.Tests.CS.csproj", "{BCF09430-5A35-443E-9527-D8D866E55194}"
EndProject
Project("{2150E333-8FDC-42A3-9474-1A3956D46DE8}") = "Plutus.UI", "Plutus.UI", "{B3EFA240-22E2-4849-B26A-5F36E29E329B}"
EndProject
Project("{FAE04EC0-301F-11D3-BF4B-00C04F79EFBC}") = "Plutus.UI.MVC", "Plutus.UI.MVC\Plutus.UI.MVC.csproj", "{A13B858E-61A9-4914-BF0E-D4951BBDD0B2}"
EndProject
Global
	GlobalSection(SolutionConfigurationPlatforms) = preSolution
		Debug|Any CPU = Debug|Any CPU
		Release|Any CPU = Release|Any CPU
	EndGlobalSection
	GlobalSection(ProjectConfigurationPlatforms) = postSolution
		{26E58960-00BE-4368-9E84-8EA438E52C37}.Debug|Any CPU.ActiveCfg = Debug|Any CPU
		{26E58960-00BE-4368-9E84-8EA438E52C37}.Debug|Any CPU.Build.0 = Debug|Any CPU
		{26E58960-00BE-4368-9E84-8EA438E52C37}.Release|Any CPU.ActiveCfg = Release|Any CPU
		{26E58960-00BE-4368-9E84-8EA438E52C37}.Release|Any CPU.Build.0 = Release|Any CPU
		{DA81AFB5-0A4C-485D-B3B1-82ABDE388C4C}.Debug|Any CPU.ActiveCfg = Debug|Any CPU
		{DA81AFB5-0A4C-485D-B3B1-82ABDE388C4C}.Debug|Any CPU.Build.0 = Debug|Any CPU
		{DA81AFB5-0A4C-485D-B3B1-82ABDE388C4C}.Release|Any CPU.ActiveCfg = Release|Any CPU
		{DA81AFB5-0A4C-485D-B3B1-82ABDE388C4C}.Release|Any CPU.Build.0 = Release|Any CPU
		{33E52409-A055-40F1-B2D3-207935A429DB}.Debug|Any CPU.ActiveCfg = Debug|Any CPU
		{33E52409-A055-40F1-B2D3-207935A429DB}.Debug|Any CPU.Build.0 = Debug|Any CPU
		{33E52409-A055-40F1-B2D3-207935A429DB}.Release|Any CPU.ActiveCfg = Release|Any CPU
		{33E52409-A055-40F1-B2D3-207935A429DB}.Release|Any CPU.Build.0 = Release|Any CPU
		{AAAEE8DE-5A72-437B-A5E3-5F4F038F7004}.Debug|Any CPU.ActiveCfg = Debug|Any CPU
		{AAAEE8DE-5A72-437B-A5E3-5F4F038F7004}.Debug|Any CPU.Build.0 = Debug|Any CPU
		{AAAEE8DE-5A72-437B-A5E3-5F4F038F7004}.Release|Any CPU.ActiveCfg = Release|Any CPU
		{AAAEE8DE-5A72-437B-A5E3-5F4F038F7004}.Release|Any CPU.Build.0 = Release|Any CPU
		{19DB0818-572B-42F6-B550-BDEF382CD994}.Debug|Any CPU.ActiveCfg = Debug|Any CPU
		{19DB0818-572B-42F6-B550-BDEF382CD994}.Debug|Any CPU.Build.0 = Debug|Any CPU
		{19DB0818-572B-42F6-B550-BDEF382CD994}.Release|Any CPU.ActiveCfg = Release|Any CPU
		{19DB0818-572B-42F6-B550-BDEF382CD994}.Release|Any CPU.Build.0 = Release|Any CPU
		{77DE4A2D-E459-42AD-9134-E04085626344}.Debug|Any CPU.ActiveCfg = Debug|Any CPU
		{77DE4A2D-E459-42AD-9134-E04085626344}.Debug|Any CPU.Build.0 = Debug|Any CPU
		{77DE4A2D-E459-42AD-9134-E04085626344}.Release|Any CPU.ActiveCfg = Release|Any CPU
		{77DE4A2D-E459-42AD-9134-E04085626344}.Release|Any CPU.Build.0 = Release|Any CPU
		{26F34CA2-C20F-49A5-B549-6CCC99FBD522}.Debug|Any CPU.ActiveCfg = Debug|Any CPU
		{26F34CA2-C20F-49A5-B549-6CCC99FBD522}.Debug|Any CPU.Build.0 = Debug|Any CPU
		{26F34CA2-C20F-49A5-B549-6CCC99FBD522}.Release|Any CPU.ActiveCfg = Release|Any CPU
		{26F34CA2-C20F-49A5-B549-6CCC99FBD522}.Release|Any CPU.Build.0 = Release|Any CPU
		{29B7742D-D8CA-47E8-A015-4ECFD2552923}.Debug|Any CPU.ActiveCfg = Debug|Any CPU
		{29B7742D-D8CA-47E8-A015-4ECFD2552923}.Debug|Any CPU.Build.0 = Debug|Any CPU
		{29B7742D-D8CA-47E8-A015-4ECFD2552923}.Release|Any CPU.ActiveCfg = Release|Any CPU
		{29B7742D-D8CA-47E8-A015-4ECFD2552923}.Release|Any CPU.Build.0 = Release|Any CPU
		{91306BF1-E01E-4119-B8B2-51B56641CC47}.Debug|Any CPU.ActiveCfg = Debug|Any CPU
		{91306BF1-E01E-4119-B8B2-51B56641CC47}.Debug|Any CPU.Build.0 = Debug|Any CPU
		{91306BF1-E01E-4119-B8B2-51B56641CC47}.Release|Any CPU.ActiveCfg = Release|Any CPU
		{91306BF1-E01E-4119-B8B2-51B56641CC47}.Release|Any CPU.Build.0 = Release|Any CPU
		{DB0450A2-B151-4711-95CC-0D1D344CF578}.Debug|Any CPU.ActiveCfg = Debug|Any CPU
		{DB0450A2-B151-4711-95CC-0D1D344CF578}.Debug|Any CPU.Build.0 = Debug|Any CPU
		{DB0450A2-B151-4711-95CC-0D1D344CF578}.Release|Any CPU.ActiveCfg = Release|Any CPU
		{DB0450A2-B151-4711-95CC-0D1D344CF578}.Release|Any CPU.Build.0 = Release|Any CPU
		{8EE91624-D4C6-4BF8-AC4A-83D28205A878}.Debug|Any CPU.ActiveCfg = Debug|Any CPU
		{8EE91624-D4C6-4BF8-AC4A-83D28205A878}.Debug|Any CPU.Build.0 = Debug|Any CPU
		{8EE91624-D4C6-4BF8-AC4A-83D28205A878}.Release|Any CPU.ActiveCfg = Release|Any CPU
		{8EE91624-D4C6-4BF8-AC4A-83D28205A878}.Release|Any CPU.Build.0 = Release|Any CPU
		{6B334225-2770-4F37-95B3-63DBD0F9DFC0}.Debug|Any CPU.ActiveCfg = Debug|Any CPU
		{6B334225-2770-4F37-95B3-63DBD0F9DFC0}.Debug|Any CPU.Build.0 = Debug|Any CPU
		{6B334225-2770-4F37-95B3-63DBD0F9DFC0}.Release|Any CPU.ActiveCfg = Release|Any CPU
		{6B334225-2770-4F37-95B3-63DBD0F9DFC0}.Release|Any CPU.Build.0 = Release|Any CPU
		{BCF09430-5A35-443E-9527-D8D866E55194}.Debug|Any CPU.ActiveCfg = Debug|Any CPU
		{BCF09430-5A35-443E-9527-D8D866E55194}.Debug|Any CPU.Build.0 = Debug|Any CPU
		{BCF09430-5A35-443E-9527-D8D866E55194}.Release|Any CPU.ActiveCfg = Release|Any CPU
		{BCF09430-5A35-443E-9527-D8D866E55194}.Release|Any CPU.Build.0 = Release|Any CPU
		{A13B858E-61A9-4914-BF0E-D4951BBDD0B2}.Debug|Any CPU.ActiveCfg = Debug|Any CPU
		{A13B858E-61A9-4914-BF0E-D4951BBDD0B2}.Debug|Any CPU.Build.0 = Debug|Any CPU
		{A13B858E-61A9-4914-BF0E-D4951BBDD0B2}.Release|Any CPU.ActiveCfg = Release|Any CPU
		{A13B858E-61A9-4914-BF0E-D4951BBDD0B2}.Release|Any CPU.Build.0 = Release|Any CPU
	EndGlobalSection
	GlobalSection(SolutionProperties) = preSolution
		HideSolutionNode = FALSE
	EndGlobalSection
	GlobalSection(NestedProjects) = preSolution
		{26E58960-00BE-4368-9E84-8EA438E52C37} = {AD0FE00F-C790-4BBC-BF19-5015EF735EDB}
		{DA81AFB5-0A4C-485D-B3B1-82ABDE388C4C} = {7E172569-6045-4F5A-874F-AD3E9B061E24}
		{33E52409-A055-40F1-B2D3-207935A429DB} = {7E172569-6045-4F5A-874F-AD3E9B061E24}
		{AAAEE8DE-5A72-437B-A5E3-5F4F038F7004} = {7E172569-6045-4F5A-874F-AD3E9B061E24}
		{19DB0818-572B-42F6-B550-BDEF382CD994} = {5E93397D-52D4-453F-B8B9-9D99E3EE6ACE}
		{77DE4A2D-E459-42AD-9134-E04085626344} = {5E93397D-52D4-453F-B8B9-9D99E3EE6ACE}
		{26F34CA2-C20F-49A5-B549-6CCC99FBD522} = {5E93397D-52D4-453F-B8B9-9D99E3EE6ACE}
		{29B7742D-D8CA-47E8-A015-4ECFD2552923} = {64CB6046-180C-492C-B398-ECD582AC007E}
		{91306BF1-E01E-4119-B8B2-51B56641CC47} = {64CB6046-180C-492C-B398-ECD582AC007E}
		{DB0450A2-B151-4711-95CC-0D1D344CF578} = {64CB6046-180C-492C-B398-ECD582AC007E}
		{8EE91624-D4C6-4BF8-AC4A-83D28205A878} = {DF2573A5-DF8F-4D65-872A-2BF231EE1CA6}
		{6B334225-2770-4F37-95B3-63DBD0F9DFC0} = {DF2573A5-DF8F-4D65-872A-2BF231EE1CA6}
		{BCF09430-5A35-443E-9527-D8D866E55194} = {DF2573A5-DF8F-4D65-872A-2BF231EE1CA6}
		{A13B858E-61A9-4914-BF0E-D4951BBDD0B2} = {B3EFA240-22E2-4849-B26A-5F36E29E329B}
	EndGlobalSection
	GlobalSection(ExtensibilityGlobals) = postSolution
		SolutionGuid = {A7D7EAFB-DC18-4702-8E74-12D6ABC8F1B8}
	EndGlobalSection
EndGlobal
