
Microsoft Visual Studio Solution File, Format Version 12.00
# Visual Studio 15
VisualStudioVersion = 15.0.27703.2042
MinimumVisualStudioVersion = 10.0.40219.1
Project("{2150E333-8FDC-42A3-9474-1A3956D46DE8}") = "Plutus.Banktransaction", "Plutus.Banktransaction", "{5E93397D-52D4-453F-B8B9-9D99E3EE6ACE}"
	ProjectSection(SolutionItems) = preProject
		Plutus.Banktransaction\DockerFile = Plutus.Banktransaction\DockerFile
		Plutus.Banktransaction\Plutus.Banktransaction.yml = Plutus.Banktransaction\Plutus.Banktransaction.yml
	EndProjectSection
EndProject
Project("{2150E333-8FDC-42A3-9474-1A3956D46DE8}") = "Plutus.SharedLibrary", "Plutus.SharedLibrary", "{AD0FE00F-C790-4BBC-BF19-5015EF735EDB}"
	ProjectSection(SolutionItems) = preProject
		Plutus.SharedLibrary\Plutus.SharedLibrary.yml = Plutus.SharedLibrary\Plutus.SharedLibrary.yml
	EndProjectSection
EndProject
Project("{9A19103F-16F7-4668-BE54-9A1E7A4F7556}") = "Plutus.SharedLibrary.CS", "Plutus.SharedLibrary\Plutus.SharedLibrary.CS\Plutus.SharedLibrary.CS.csproj", "{26E58960-00BE-4368-9E84-8EA438E52C37}"
EndProject
Project("{9A19103F-16F7-4668-BE54-9A1E7A4F7556}") = "Plutus.Banktransaction.Data.FileSystem.CS", "Plutus.Banktransaction\Plutus.Banktransaction.Data.FileSystem.CS\Plutus.Banktransaction.Data.FileSystem.CS.csproj", "{079F3496-C929-4027-A880-D4F8F3365D5B}"
EndProject
Project("{9A19103F-16F7-4668-BE54-9A1E7A4F7556}") = "Plutus.Banktransaction.Service.API", "Plutus.Banktransaction\Plutus.Banktransaction.Service.API\Plutus.Banktransaction.Service.API.csproj", "{EA997795-47D2-4E4A-B67F-7556DEFAFE04}"
EndProject
Project("{9A19103F-16F7-4668-BE54-9A1E7A4F7556}") = "Plutus.Banktransaction.Tests.CS", "Plutus.Banktransaction\Plutus.Banktransaction.Tests.CS\Plutus.Banktransaction.Tests.CS.csproj", "{858C29F0-36D8-46FC-891D-F15F3DB142B4}"
EndProject
Project("{2150E333-8FDC-42A3-9474-1A3956D46DE8}") = "Plutus.Bankmetadata", "Plutus.Bankmetadata", "{7E172569-6045-4F5A-874F-AD3E9B061E24}"
	ProjectSection(SolutionItems) = preProject
		Plutus.Bankmetadata\DockerFile = Plutus.Bankmetadata\DockerFile
		Plutus.Bankmetadata\Plutus.Bankmetadata.yml = Plutus.Bankmetadata\Plutus.Bankmetadata.yml
	EndProjectSection
EndProject
Project("{9A19103F-16F7-4668-BE54-9A1E7A4F7556}") = "Plutus.Bankmetadata.Data.FileSystem.CS", "Plutus.Bankmetadata\Plutus.Bankmetadata.Data.FileSystem.CS\Plutus.Bankmetadata.Data.FileSystem.CS.csproj", "{DA81AFB5-0A4C-485D-B3B1-82ABDE388C4C}"
EndProject
Project("{9A19103F-16F7-4668-BE54-9A1E7A4F7556}") = "Plutus.Bankmetadata.Service.API", "Plutus.Bankmetadata\Plutus.Bankmetadata.Service.API\Plutus.Bankmetadata.Service.API.csproj", "{33E52409-A055-40F1-B2D3-207935A429DB}"
EndProject
Project("{9A19103F-16F7-4668-BE54-9A1E7A4F7556}") = "Plutus.Bankmetadata.Tests.CS", "Plutus.Bankmetadata\Plutus.Bankmetadata.Tests.CS\Plutus.Bankmetadata.Tests.CS.csproj", "{AAAEE8DE-5A72-437B-A5E3-5F4F038F7004}"
EndProject
Project("{2150E333-8FDC-42A3-9474-1A3956D46DE8}") = "Plutus.Expenses", "Plutus.Expenses", "{64CB6046-180C-492C-B398-ECD582AC007E}"
	ProjectSection(SolutionItems) = preProject
		Plutus.Expense\Plutus.Expense.yml = Plutus.Expense\Plutus.Expense.yml
	EndProjectSection
EndProject
Project("{9A19103F-16F7-4668-BE54-9A1E7A4F7556}") = "Plutus.Expenses.Data.FileSystem.CS", "Plutus.Expense\Plutus.Expense.Data.FileSystem.CS\Plutus.Expenses.Data.FileSystem.CS.csproj", "{0548022D-B966-44D6-A223-D2AF7BD17B0C}"
EndProject
Project("{9A19103F-16F7-4668-BE54-9A1E7A4F7556}") = "Plutus.Expenses.Service.API", "Plutus.Expense\Plutus.Expense.Service.API\Plutus.Expenses.Service.API.csproj", "{E7E8EEC8-0D12-4E12-B1BE-5A59E62DD9B8}"
EndProject
Project("{9A19103F-16F7-4668-BE54-9A1E7A4F7556}") = "Plutus.Expenses.Tests.CS", "Plutus.Expense\Plutus.Expense.Tests.CS\Plutus.Expenses.Tests.CS.csproj", "{7C2367DF-A6A9-462A-B9D2-379240AF4C2D}"
EndProject
Project("{2150E333-8FDC-42A3-9474-1A3956D46DE8}") = "Plutus.Invoice", "Plutus.Invoice", "{DF2573A5-DF8F-4D65-872A-2BF231EE1CA6}"
	ProjectSection(SolutionItems) = preProject
		Plutus.Bankmetadata\DockerFile = Plutus.Bankmetadata\DockerFile
		Plutus.Invoice\Plutus.Invoice.yml = Plutus.Invoice\Plutus.Invoice.yml
	EndProjectSection
EndProject
Project("{9A19103F-16F7-4668-BE54-9A1E7A4F7556}") = "Plutus.Invoice.Data.FileSystem.CS", "Plutus.Invoice\Plutus.Invoice.Data.FileSystem.CS\Plutus.Invoice.Data.FileSystem.CS.csproj", "{612CE474-C4F1-4762-BD5B-90500BBEE3C9}"
EndProject
Project("{9A19103F-16F7-4668-BE54-9A1E7A4F7556}") = "Plutus.Invoice.Service.API", "Plutus.Invoice\Plutus.Invoice.Service.API\Plutus.Invoice.Service.API.csproj", "{8CE4DBF0-046D-4ECE-8BA9-FBC0CF8D5659}"
EndProject
Project("{9A19103F-16F7-4668-BE54-9A1E7A4F7556}") = "Plutus.Invoice.Tests.CS", "Plutus.Invoice\Plutus.Invoice.Tests.CS\Plutus.Invoice.Tests.CS.csproj", "{AF9CCB6B-E2E0-474B-A0A7-A30A91BF6A68}"
EndProject
Global
	GlobalSection(SolutionConfigurationPlatforms) = preSolution
		Debug|Any CPU = Debug|Any CPU
		Release|Any CPU = Release|Any CPU
	EndGlobalSection
	GlobalSection(ProjectConfigurationPlatforms) = postSolution
		{26E58960-00BE-4368-9E84-8EA438E52C37}.Debug|Any CPU.ActiveCfg = Debug|Any CPU
		{26E58960-00BE-4368-9E84-8EA438E52C37}.Debug|Any CPU.Build.0 = Debug|Any CPU
		{26E58960-00BE-4368-9E84-8EA438E52C37}.Release|Any CPU.ActiveCfg = Release|Any CPU
		{26E58960-00BE-4368-9E84-8EA438E52C37}.Release|Any CPU.Build.0 = Release|Any CPU
		{079F3496-C929-4027-A880-D4F8F3365D5B}.Debug|Any CPU.ActiveCfg = Debug|Any CPU
		{079F3496-C929-4027-A880-D4F8F3365D5B}.Debug|Any CPU.Build.0 = Debug|Any CPU
		{079F3496-C929-4027-A880-D4F8F3365D5B}.Release|Any CPU.ActiveCfg = Release|Any CPU
		{079F3496-C929-4027-A880-D4F8F3365D5B}.Release|Any CPU.Build.0 = Release|Any CPU
		{EA997795-47D2-4E4A-B67F-7556DEFAFE04}.Debug|Any CPU.ActiveCfg = Debug|Any CPU
		{EA997795-47D2-4E4A-B67F-7556DEFAFE04}.Debug|Any CPU.Build.0 = Debug|Any CPU
		{EA997795-47D2-4E4A-B67F-7556DEFAFE04}.Release|Any CPU.ActiveCfg = Release|Any CPU
		{EA997795-47D2-4E4A-B67F-7556DEFAFE04}.Release|Any CPU.Build.0 = Release|Any CPU
		{858C29F0-36D8-46FC-891D-F15F3DB142B4}.Debug|Any CPU.ActiveCfg = Debug|Any CPU
		{858C29F0-36D8-46FC-891D-F15F3DB142B4}.Debug|Any CPU.Build.0 = Debug|Any CPU
		{858C29F0-36D8-46FC-891D-F15F3DB142B4}.Release|Any CPU.ActiveCfg = Release|Any CPU
		{858C29F0-36D8-46FC-891D-F15F3DB142B4}.Release|Any CPU.Build.0 = Release|Any CPU
		{DA81AFB5-0A4C-485D-B3B1-82ABDE388C4C}.Debug|Any CPU.ActiveCfg = Debug|Any CPU
		{DA81AFB5-0A4C-485D-B3B1-82ABDE388C4C}.Debug|Any CPU.Build.0 = Debug|Any CPU
		{DA81AFB5-0A4C-485D-B3B1-82ABDE388C4C}.Release|Any CPU.ActiveCfg = Release|Any CPU
		{DA81AFB5-0A4C-485D-B3B1-82ABDE388C4C}.Release|Any CPU.Build.0 = Release|Any CPU
		{33E52409-A055-40F1-B2D3-207935A429DB}.Debug|Any CPU.ActiveCfg = Debug|Any CPU
		{33E52409-A055-40F1-B2D3-207935A429DB}.Debug|Any CPU.Build.0 = Debug|Any CPU
		{33E52409-A055-40F1-B2D3-207935A429DB}.Release|Any CPU.ActiveCfg = Release|Any CPU
		{33E52409-A055-40F1-B2D3-207935A429DB}.Release|Any CPU.Build.0 = Release|Any CPU
		{AAAEE8DE-5A72-437B-A5E3-5F4F038F7004}.Debug|Any CPU.ActiveCfg = Debug|Any CPU
		{AAAEE8DE-5A72-437B-A5E3-5F4F038F7004}.Debug|Any CPU.Build.0 = Debug|Any CPU
		{AAAEE8DE-5A72-437B-A5E3-5F4F038F7004}.Release|Any CPU.ActiveCfg = Release|Any CPU
		{AAAEE8DE-5A72-437B-A5E3-5F4F038F7004}.Release|Any CPU.Build.0 = Release|Any CPU
		{0548022D-B966-44D6-A223-D2AF7BD17B0C}.Debug|Any CPU.ActiveCfg = Debug|Any CPU
		{0548022D-B966-44D6-A223-D2AF7BD17B0C}.Debug|Any CPU.Build.0 = Debug|Any CPU
		{0548022D-B966-44D6-A223-D2AF7BD17B0C}.Release|Any CPU.ActiveCfg = Release|Any CPU
		{0548022D-B966-44D6-A223-D2AF7BD17B0C}.Release|Any CPU.Build.0 = Release|Any CPU
		{E7E8EEC8-0D12-4E12-B1BE-5A59E62DD9B8}.Debug|Any CPU.ActiveCfg = Debug|Any CPU
		{E7E8EEC8-0D12-4E12-B1BE-5A59E62DD9B8}.Debug|Any CPU.Build.0 = Debug|Any CPU
		{E7E8EEC8-0D12-4E12-B1BE-5A59E62DD9B8}.Release|Any CPU.ActiveCfg = Release|Any CPU
		{E7E8EEC8-0D12-4E12-B1BE-5A59E62DD9B8}.Release|Any CPU.Build.0 = Release|Any CPU
		{7C2367DF-A6A9-462A-B9D2-379240AF4C2D}.Debug|Any CPU.ActiveCfg = Debug|Any CPU
		{7C2367DF-A6A9-462A-B9D2-379240AF4C2D}.Debug|Any CPU.Build.0 = Debug|Any CPU
		{7C2367DF-A6A9-462A-B9D2-379240AF4C2D}.Release|Any CPU.ActiveCfg = Release|Any CPU
		{7C2367DF-A6A9-462A-B9D2-379240AF4C2D}.Release|Any CPU.Build.0 = Release|Any CPU
		{612CE474-C4F1-4762-BD5B-90500BBEE3C9}.Debug|Any CPU.ActiveCfg = Debug|Any CPU
		{612CE474-C4F1-4762-BD5B-90500BBEE3C9}.Debug|Any CPU.Build.0 = Debug|Any CPU
		{612CE474-C4F1-4762-BD5B-90500BBEE3C9}.Release|Any CPU.ActiveCfg = Release|Any CPU
		{612CE474-C4F1-4762-BD5B-90500BBEE3C9}.Release|Any CPU.Build.0 = Release|Any CPU
		{8CE4DBF0-046D-4ECE-8BA9-FBC0CF8D5659}.Debug|Any CPU.ActiveCfg = Debug|Any CPU
		{8CE4DBF0-046D-4ECE-8BA9-FBC0CF8D5659}.Debug|Any CPU.Build.0 = Debug|Any CPU
		{8CE4DBF0-046D-4ECE-8BA9-FBC0CF8D5659}.Release|Any CPU.ActiveCfg = Release|Any CPU
		{8CE4DBF0-046D-4ECE-8BA9-FBC0CF8D5659}.Release|Any CPU.Build.0 = Release|Any CPU
		{AF9CCB6B-E2E0-474B-A0A7-A30A91BF6A68}.Debug|Any CPU.ActiveCfg = Debug|Any CPU
		{AF9CCB6B-E2E0-474B-A0A7-A30A91BF6A68}.Debug|Any CPU.Build.0 = Debug|Any CPU
		{AF9CCB6B-E2E0-474B-A0A7-A30A91BF6A68}.Release|Any CPU.ActiveCfg = Release|Any CPU
		{AF9CCB6B-E2E0-474B-A0A7-A30A91BF6A68}.Release|Any CPU.Build.0 = Release|Any CPU
	EndGlobalSection
	GlobalSection(SolutionProperties) = preSolution
		HideSolutionNode = FALSE
	EndGlobalSection
	GlobalSection(NestedProjects) = preSolution
		{26E58960-00BE-4368-9E84-8EA438E52C37} = {AD0FE00F-C790-4BBC-BF19-5015EF735EDB}
		{079F3496-C929-4027-A880-D4F8F3365D5B} = {5E93397D-52D4-453F-B8B9-9D99E3EE6ACE}
		{EA997795-47D2-4E4A-B67F-7556DEFAFE04} = {5E93397D-52D4-453F-B8B9-9D99E3EE6ACE}
		{858C29F0-36D8-46FC-891D-F15F3DB142B4} = {5E93397D-52D4-453F-B8B9-9D99E3EE6ACE}
		{DA81AFB5-0A4C-485D-B3B1-82ABDE388C4C} = {7E172569-6045-4F5A-874F-AD3E9B061E24}
		{33E52409-A055-40F1-B2D3-207935A429DB} = {7E172569-6045-4F5A-874F-AD3E9B061E24}
		{AAAEE8DE-5A72-437B-A5E3-5F4F038F7004} = {7E172569-6045-4F5A-874F-AD3E9B061E24}
		{0548022D-B966-44D6-A223-D2AF7BD17B0C} = {64CB6046-180C-492C-B398-ECD582AC007E}
		{E7E8EEC8-0D12-4E12-B1BE-5A59E62DD9B8} = {64CB6046-180C-492C-B398-ECD582AC007E}
		{7C2367DF-A6A9-462A-B9D2-379240AF4C2D} = {64CB6046-180C-492C-B398-ECD582AC007E}
		{612CE474-C4F1-4762-BD5B-90500BBEE3C9} = {DF2573A5-DF8F-4D65-872A-2BF231EE1CA6}
		{8CE4DBF0-046D-4ECE-8BA9-FBC0CF8D5659} = {DF2573A5-DF8F-4D65-872A-2BF231EE1CA6}
		{AF9CCB6B-E2E0-474B-A0A7-A30A91BF6A68} = {DF2573A5-DF8F-4D65-872A-2BF231EE1CA6}
	EndGlobalSection
	GlobalSection(ExtensibilityGlobals) = postSolution
		SolutionGuid = {A7D7EAFB-DC18-4702-8E74-12D6ABC8F1B8}
	EndGlobalSection
EndGlobal
